{
  "object": {
    "pins": [
      {
        "package": "Pulse",
        "repositoryURL": "https://github.com/kean/Pulse",
        "state": {
          "branch": null,
          "revision": "5f701f52272ae49fa82ab189b19f2672a15f9a03",
          "version": "1.0.1"
        }
      },
      {
        "package": "swift-log",
        "repositoryURL": "https://github.com/apple/swift-log.git",
        "state": {
          "branch": null,
          "revision": "5d66f7ba25daf4f94100e7022febf3c75e37a6c7",
          "version": "1.4.2"
        }
      }
    ]
  },
  "version": 1
}
