// !$*UTF8*$!
{
	archiveVersion = 1;
	classes = {
	};
	objectVersion = 55;
	objects = {

/* Begin PBXBuildFile section */
		8CCE779A28170C250010FD67 /* AppDelegate.swift in Sources */ = {isa = PBXBuildFile; fileRef = 8CCE779928170C250010FD67 /* AppDelegate.swift */; };
		8CCE779C28170C250010FD67 /* SceneDelegate.swift in Sources */ = {isa = PBXBuildFile; fileRef = 8CCE779B28170C250010FD67 /* SceneDelegate.swift */; };
		8CCE779E28170C250010FD67 /* ViewController.swift in Sources */ = {isa = PBXBuildFile; fileRef = 8CCE779D28170C250010FD67 /* ViewController.swift */; };
		8CCE77A128170C250010FD67 /* Main.storyboard in Resources */ = {isa = PBXBuildFile; fileRef = 8CCE779F28170C250010FD67 /* Main.storyboard */; };
		8CCE77A328170C270010FD67 /* Assets.xcassets in Resources */ = {isa = PBXBuildFile; fileRef = 8CCE77A228170C270010FD67 /* Assets.xcassets */; };
		8CCE77A628170C270010FD67 /* LaunchScreen.storyboard in Resources */ = {isa = PBXBuildFile; fileRef = 8CCE77A428170C270010FD67 /* LaunchScreen.storyboard */; };
		8CCE77AF28170C8F0010FD67 /* Pulse in Frameworks */ = {isa = PBXBuildFile; productRef = 8CCE77AE28170C8F0010FD67 /* Pulse */; };
		8CCE77B128170C8F0010FD67 /* PulseCore in Frameworks */ = {isa = PBXBuildFile; productRef = 8CCE77B028170C8F0010FD67 /* PulseCore */; };
		8CCE77B328170C8F0010FD67 /* PulseUI in Frameworks */ = {isa = PBXBuildFile; productRef = 8CCE77B228170C8F0010FD67 /* PulseUI */; };
/* End PBXBuildFile section */

/* Begin PBXFileReference section */
		8CCE779628170C250010FD67 /* Pulse Integration.app */ = {isa = PBXFileReference; explicitFileType = wrapper.application; includeInIndex = 0; path = "Pulse Integration.app"; sourceTree = BUILT_PRODUCTS_DIR; };
		8CCE779928170C250010FD67 /* AppDelegate.swift */ = {isa = PBXFileReference; lastKnownFileType = sourcecode.swift; path = AppDelegate.swift; sourceTree = "<group>"; };
		8CCE779B28170C250010FD67 /* SceneDelegate.swift */ = {isa = PBXFileReference; lastKnownFileType = sourcecode.swift; path = SceneDelegate.swift; sourceTree = "<group>"; };
		8CCE779D28170C250010FD67 /* ViewController.swift */ = {isa = PBXFileReference; lastKnownFileType = sourcecode.swift; path = ViewController.swift; sourceTree = "<group>"; };
		8CCE77A028170C250010FD67 /* Base */ = {isa = PBXFileReference; lastKnownFileType = file.storyboard; name = Base; path = Base.lproj/Main.storyboard; sourceTree = "<group>"; };
		8CCE77A228170C270010FD67 /* Assets.xcassets */ = {isa = PBXFileReference; lastKnownFileType = folder.assetcatalog; path = Assets.xcassets; sourceTree = "<group>"; };
		8CCE77A528170C270010FD67 /* Base */ = {isa = PBXFileReference; lastKnownFileType = file.storyboard; name = Base; path = Base.lproj/LaunchScreen.storyboard; sourceTree = "<group>"; };
		8CCE77A728170C270010FD67 /* Info.plist */ = {isa = PBXFileReference; lastKnownFileType = text.plist.xml; path = Info.plist; sourceTree = "<group>"; };
/* End PBXFileReference section */

/* Begin PBXFrameworksBuildPhase section */
		8CCE779328170C250010FD67 /* Frameworks */ = {
			isa = PBXFrameworksBuildPhase;
			buildActionMask = 2147483647;
			files = (
				8CCE77B328170C8F0010FD67 /* PulseUI in Frameworks */,
				8CCE77AF28170C8F0010FD67 /* Pulse in Frameworks */,
				8CCE77B128170C8F0010FD67 /* PulseCore in Frameworks */,
			);
			runOnlyForDeploymentPostprocessing = 0;
		};
/* End PBXFrameworksBuildPhase section */

/* Begin PBXGroup section */
		8CCE778D28170C250010FD67 = {
			isa = PBXGroup;
			children = (
				8CCE779828170C250010FD67 /* Pulse Integration */,
				8CCE779728170C250010FD67 /* Products */,
			);
			sourceTree = "<group>";
		};
		8CCE779728170C250010FD67 /* Products */ = {
			isa = PBXGroup;
			children = (
				8CCE779628170C250010FD67 /* Pulse Integration.app */,
			);
			name = Products;
			sourceTree = "<group>";
		};
		8CCE779828170C250010FD67 /* Pulse Integration */ = {
			isa = PBXGroup;
			children = (
				8CCE779928170C250010FD67 /* AppDelegate.swift */,
				8CCE779B28170C250010FD67 /* SceneDelegate.swift */,
				8CCE779D28170C250010FD67 /* ViewController.swift */,
				8CCE779F28170C250010FD67 /* Main.storyboard */,
				8CCE77A228170C270010FD67 /* Assets.xcassets */,
				8CCE77A428170C270010FD67 /* LaunchScreen.storyboard */,
				8CCE77A728170C270010FD67 /* Info.plist */,
			);
			path = "Pulse Integration";
			sourceTree = "<group>";
		};
/* End PBXGroup section */

/* Begin PBXNativeTarget section */
		8CCE779528170C250010FD67 /* Pulse Integration */ = {
			isa = PBXNativeTarget;
			buildConfigurationList = 8CCE77AA28170C270010FD67 /* Build configuration list for PBXNativeTarget "Pulse Integration" */;
			buildPhases = (
				8CCE779228170C250010FD67 /* Sources */,
				8CCE779328170C250010FD67 /* Frameworks */,
				8CCE779428170C250010FD67 /* Resources */,
			);
			buildRules = (
			);
			dependencies = (
			);
			name = "Pulse Integration";
			packageProductDependencies = (
				8CCE77AE28170C8F0010FD67 /* Pulse */,
				8CCE77B028170C8F0010FD67 /* PulseCore */,
				8CCE77B228170C8F0010FD67 /* PulseUI */,
			);
			productName = "Pulse Integration";
			productReference = 8CCE779628170C250010FD67 /* Pulse Integration.app */;
			productType = "com.apple.product-type.application";
		};
/* End PBXNativeTarget section */

/* Begin PBXProject section */
		8CCE778E28170C250010FD67 /* Project object */ = {
			isa = PBXProject;
			attributes = {
				BuildIndependentTargetsInParallel = 1;
				LastSwiftUpdateCheck = 1310;
				LastUpgradeCheck = 1310;
				TargetAttributes = {
					8CCE779528170C250010FD67 = {
						CreatedOnToolsVersion = 13.1;
					};
				};
			};
			buildConfigurationList = 8CCE779128170C250010FD67 /* Build configuration list for PBXProject "Pulse Integration" */;
			compatibilityVersion = "Xcode 13.0";
			developmentRegion = en;
			hasScannedForEncodings = 0;
			knownRegions = (
				en,
				Base,
			);
			mainGroup = 8CCE778D28170C250010FD67;
			packageReferences = (
				8CCE77AD28170C8F0010FD67 /* XCRemoteSwiftPackageReference "Pulse" */,
			);
			productRefGroup = 8CCE779728170C250010FD67 /* Products */;
			projectDirPath = "";
			projectRoot = "";
			targets = (
				8CCE779528170C250010FD67 /* Pulse Integration */,
			);
		};
/* End PBXProject section */

/* Begin PBXResourcesBuildPhase section */
		8CCE779428170C250010FD67 /* Resources */ = {
			isa = PBXResourcesBuildPhase;
			buildActionMask = 2147483647;
			files = (
				8CCE77A628170C270010FD67 /* LaunchScreen.storyboard in Resources */,
				8CCE77A328170C270010FD67 /* Assets.xcassets in Resources */,
				8CCE77A128170C250010FD67 /* Main.storyboard in Resources */,
			);
			runOnlyForDeploymentPostprocessing = 0;
		};
/* End PBXResourcesBuildPhase section */

/* Begin PBXSourcesBuildPhase section */
		8CCE779228170C250010FD67 /* Sources */ = {
			isa = PBXSourcesBuildPhase;
			buildActionMask = 2147483647;
			files = (
				8CCE779E28170C250010FD67 /* ViewController.swift in Sources */,
				8CCE779A28170C250010FD67 /* AppDelegate.swift in Sources */,
				8CCE779C28170C250010FD67 /* SceneDelegate.swift in Sources */,
			);
			runOnlyForDeploymentPostprocessing = 0;
		};
/* End PBXSourcesBuildPhase section */

/* Begin PBXVariantGroup section */
		8CCE779F28170C250010FD67 /* Main.storyboard */ = {
			isa = PBXVariantGroup;
			children = (
				8CCE77A028170C250010FD67 /* Base */,
			);
			name = Main.storyboard;
			sourceTree = "<group>";
		};
		8CCE77A428170C270010FD67 /* LaunchScreen.storyboard */ = {
			isa = PBXVariantGroup;
			children = (
				8CCE77A528170C270010FD67 /* Base */,
			);
			name = LaunchScreen.storyboard;
			sourceTree = "<group>";
		};
/* End PBXVariantGroup section */

/* Begin XCBuildConfiguration section */
		8CCE77A828170C270010FD67 /* Debug */ = {
			isa = XCBuildConfiguration;
			buildSettings = {
				ALWAYS_SEARCH_USER_PATHS = NO;
				CLANG_ANALYZER_NONNULL = YES;
				CLANG_ANALYZER_NUMBER_OBJECT_CONVERSION = YES_AGGRESSIVE;
				CLANG_CXX_LANGUAGE_STANDARD = "gnu++17";
				CLANG_CXX_LIBRARY = "libc++";
				CLANG_ENABLE_MODULES = YES;
				CLANG_ENABLE_OBJC_ARC = YES;
				CLANG_ENABLE_OBJC_WEAK = YES;
				CLANG_WARN_BLOCK_CAPTURE_AUTORELEASING = YES;
				CLANG_WARN_BOOL_CONVERSION = YES;
				CLANG_WARN_COMMA = YES;
				CLANG_WARN_CONSTANT_CONVERSION = YES;
				CLANG_WARN_DEPRECATED_OBJC_IMPLEMENTATIONS = YES;
				CLANG_WARN_DIRECT_OBJC_ISA_USAGE = YES_ERROR;
				CLANG_WARN_DOCUMENTATION_COMMENTS = YES;
				CLANG_WARN_EMPTY_BODY = YES;
				CLANG_WARN_ENUM_CONVERSION = YES;
				CLANG_WARN_INFINITE_RECURSION = YES;
				CLANG_WARN_INT_CONVERSION = YES;
				CLANG_WARN_NON_LITERAL_NULL_CONVERSION = YES;
				CLANG_WARN_OBJC_IMPLICIT_RETAIN_SELF = YES;
				CLANG_WARN_OBJC_LITERAL_CONVERSION = YES;
				CLANG_WARN_OBJC_ROOT_CLASS = YES_ERROR;
				CLANG_WARN_QUOTED_INCLUDE_IN_FRAMEWORK_HEADER = YES;
				CLANG_WARN_RANGE_LOOP_ANALYSIS = YES;
				CLANG_WARN_STRICT_PROTOTYPES = YES;
				CLANG_WARN_SUSPICIOUS_MOVE = YES;
				CLANG_WARN_UNGUARDED_AVAILABILITY = YES_AGGRESSIVE;
				CLANG_WARN_UNREACHABLE_CODE = YES;
				CLANG_WARN__DUPLICATE_METHOD_MATCH = YES;
				COPY_PHASE_STRIP = NO;
				DEBUG_INFORMATION_FORMAT = dwarf;
				ENABLE_STRICT_OBJC_MSGSEND = YES;
				ENABLE_TESTABILITY = YES;
				GCC_C_LANGUAGE_STANDARD = gnu11;
				GCC_DYNAMIC_NO_PIC = NO;
				GCC_NO_COMMON_BLOCKS = YES;
				GCC_OPTIMIZATION_LEVEL = 0;
				GCC_PREPROCESSOR_DEFINITIONS = (
					"DEBUG=1",
					"$(inherited)",
				);
				GCC_WARN_64_TO_32_BIT_CONVERSION = YES;
				GCC_WARN_ABOUT_RETURN_TYPE = YES_ERROR;
				GCC_WARN_UNDECLARED_SELECTOR = YES;
				GCC_WARN_UNINITIALIZED_AUTOS = YES_AGGRESSIVE;
				GCC_WARN_UNUSED_FUNCTION = YES;
				GCC_WARN_UNUSED_VARIABLE = YES;
				IPHONEOS_DEPLOYMENT_TARGET = 15.0;
				MTL_ENABLE_DEBUG_INFO = INCLUDE_SOURCE;
				MTL_FAST_MATH = YES;
				ONLY_ACTIVE_ARCH = YES;
				SDKROOT = iphoneos;
				SWIFT_ACTIVE_COMPILATION_CONDITIONS = DEBUG;
				SWIFT_OPTIMIZATION_LEVEL = "-Onone";
			};
			name = Debug;
		};
		8CCE77A928170C270010FD67 /* Release */ = {
			isa = XCBuildConfiguration;
			buildSettings = {
				ALWAYS_SEARCH_USER_PATHS = NO;
				CLANG_ANALYZER_NONNULL = YES;
				CLANG_ANALYZER_NUMBER_OBJECT_CONVERSION = YES_AGGRESSIVE;
				CLANG_CXX_LANGUAGE_STANDARD = "gnu++17";
				CLANG_CXX_LIBRARY = "libc++";
				CLANG_ENABLE_MODULES = YES;
				CLANG_ENABLE_OBJC_ARC = YES;
				CLANG_ENABLE_OBJC_WEAK = YES;
				CLANG_WARN_BLOCK_CAPTURE_AUTORELEASING = YES;
				CLANG_WARN_BOOL_CONVERSION = YES;
				CLANG_WARN_COMMA = YES;
				CLANG_WARN_CONSTANT_CONVERSION = YES;
				CLANG_WARN_DEPRECATED_OBJC_IMPLEMENTATIONS = YES;
				CLANG_WARN_DIRECT_OBJC_ISA_USAGE = YES_ERROR;
				CLANG_WARN_DOCUMENTATION_COMMENTS = YES;
				CLANG_WARN_EMPTY_BODY = YES;
				CLANG_WARN_ENUM_CONVERSION = YES;
				CLANG_WARN_INFINITE_RECURSION = YES;
				CLANG_WARN_INT_CONVERSION = YES;
				CLANG_WARN_NON_LITERAL_NULL_CONVERSION = YES;
				CLANG_WARN_OBJC_IMPLICIT_RETAIN_SELF = YES;
				CLANG_WARN_OBJC_LITERAL_CONVERSION = YES;
				CLANG_WARN_OBJC_ROOT_CLASS = YES_ERROR;
				CLANG_WARN_QUOTED_INCLUDE_IN_FRAMEWORK_HEADER = YES;
				CLANG_WARN_RANGE_LOOP_ANALYSIS = YES;
				CLANG_WARN_STRICT_PROTOTYPES = YES;
				CLANG_WARN_SUSPICIOUS_MOVE = YES;
				CLANG_WARN_UNGUARDED_AVAILABILITY = YES_AGGRESSIVE;
				CLANG_WARN_UNREACHABLE_CODE = YES;
				CLANG_WARN__DUPLICATE_METHOD_MATCH = YES;
				COPY_PHASE_STRIP = NO;
				DEBUG_INFORMATION_FORMAT = "dwarf-with-dsym";
				ENABLE_NS_ASSERTIONS = NO;
				ENABLE_STRICT_OBJC_MSGSEND = YES;
				GCC_C_LANGUAGE_STANDARD = gnu11;
				GCC_NO_COMMON_BLOCKS = YES;
				GCC_WARN_64_TO_32_BIT_CONVERSION = YES;
				GCC_WARN_ABOUT_RETURN_TYPE = YES_ERROR;
				GCC_WARN_UNDECLARED_SELECTOR = YES;
				GCC_WARN_UNINITIALIZED_AUTOS = YES_AGGRESSIVE;
				GCC_WARN_UNUSED_FUNCTION = YES;
				GCC_WARN_UNUSED_VARIABLE = YES;
				IPHONEOS_DEPLOYMENT_TARGET = 15.0;
				MTL_ENABLE_DEBUG_INFO = NO;
				MTL_FAST_MATH = YES;
				SDKROOT = iphoneos;
				SWIFT_COMPILATION_MODE = wholemodule;
				SWIFT_OPTIMIZATION_LEVEL = "-O";
				VALIDATE_PRODUCT = YES;
			};
			name = Release;
		};
		8CCE77AB28170C270010FD67 /* Debug */ = {
			isa = XCBuildConfiguration;
			buildSettings = {
				ASSETCATALOG_COMPILER_APPICON_NAME = AppIcon;
				ASSETCATALOG_COMPILER_GLOBAL_ACCENT_COLOR_NAME = AccentColor;
				CODE_SIGN_STYLE = Automatic;
				CURRENT_PROJECT_VERSION = 1;
				GENERATE_INFOPLIST_FILE = YES;
				INFOPLIST_FILE = "Pulse Integration/Info.plist";
				INFOPLIST_KEY_UIApplicationSupportsIndirectInputEvents = YES;
				INFOPLIST_KEY_UILaunchStoryboardName = LaunchScreen;
				INFOPLIST_KEY_UIMainStoryboardFile = Main;
				INFOPLIST_KEY_UISupportedInterfaceOrientations_iPad = "UIInterfaceOrientationPortrait UIInterfaceOrientationPortraitUpsideDown UIInterfaceOrientationLandscapeLeft UIInterfaceOrientationLandscapeRight";
				INFOPLIST_KEY_UISupportedInterfaceOrientations_iPhone = "UIInterfaceOrientationPortrait UIInterfaceOrientationLandscapeLeft UIInterfaceOrientationLandscapeRight";
				LD_RUNPATH_SEARCH_PATHS = (
					"$(inherited)",
					"@executable_path/Frameworks",
				);
				MARKETING_VERSION = 1.0;
				PRODUCT_BUNDLE_IDENTIFIER = "com.pushkraj.Pulse-Integration";
				PRODUCT_NAME = "$(TARGET_NAME)";
				SWIFT_EMIT_LOC_STRINGS = YES;
				SWIFT_VERSION = 5.0;
				TARGETED_DEVICE_FAMILY = "1,2";
			};
			name = Debug;
		};
		8CCE77AC28170C270010FD67 /* Release */ = {
			isa = XCBuildConfiguration;
			buildSettings = {
				ASSETCATALOG_COMPILER_APPICON_NAME = AppIcon;
				ASSETCATALOG_COMPILER_GLOBAL_ACCENT_COLOR_NAME = AccentColor;
				CODE_SIGN_STYLE = Automatic;
				CURRENT_PROJECT_VERSION = 1;
				GENERATE_INFOPLIST_FILE = YES;
				INFOPLIST_FILE = "Pulse Integration/Info.plist";
				INFOPLIST_KEY_UIApplicationSupportsIndirectInputEvents = YES;
				INFOPLIST_KEY_UILaunchStoryboardName = LaunchScreen;
				INFOPLIST_KEY_UIMainStoryboardFile = Main;
				INFOPLIST_KEY_UISupportedInterfaceOrientations_iPad = "UIInterfaceOrientationPortrait UIInterfaceOrientationPortraitUpsideDown UIInterfaceOrientationLandscapeLeft UIInterfaceOrientationLandscapeRight";
				INFOPLIST_KEY_UISupportedInterfaceOrientations_iPhone = "UIInterfaceOrientationPortrait UIInterfaceOrientationLandscapeLeft UIInterfaceOrientationLandscapeRight";
				LD_RUNPATH_SEARCH_PATHS = (
					"$(inherited)",
					"@executable_path/Frameworks",
				);
				MARKETING_VERSION = 1.0;
				PRODUCT_BUNDLE_IDENTIFIER = "com.pushkraj.Pulse-Integration";
				PRODUCT_NAME = "$(TARGET_NAME)";
				SWIFT_EMIT_LOC_STRINGS = YES;
				SWIFT_VERSION = 5.0;
				TARGETED_DEVICE_FAMILY = "1,2";
			};
			name = Release;
		};
/* End XCBuildConfiguration section */

/* Begin XCConfigurationList section */
		8CCE779128170C250010FD67 /* Build configuration list for PBXProject "Pulse Integration" */ = {
			isa = XCConfigurationList;
			buildConfigurations = (
				8CCE77A828170C270010FD67 /* Debug */,
				8CCE77A928170C270010FD67 /* Release */,
			);
			defaultConfigurationIsVisible = 0;
			defaultConfigurationName = Release;
		};
		8CCE77AA28170C270010FD67 /* Build configuration list for PBXNativeTarget "Pulse Integration" */ = {
			isa = XCConfigurationList;
			buildConfigurations = (
				8CCE77AB28170C270010FD67 /* Debug */,
				8CCE77AC28170C270010FD67 /* Release */,
			);
			defaultConfigurationIsVisible = 0;
			defaultConfigurationName = Release;
		};
/* End XCConfigurationList section */

/* Begin XCRemoteSwiftPackageReference section */
		8CCE77AD28170C8F0010FD67 /* XCRemoteSwiftPackageReference "Pulse" */ = {
			isa = XCRemoteSwiftPackageReference;
			repositoryURL = "https://github.com/kean/Pulse";
			requirement = {
				kind = upToNextMajorVersion;
				minimumVersion = 1.0.0;
			};
		};
/* End XCRemoteSwiftPackageReference section */

/* Begin XCSwiftPackageProductDependency section */
		8CCE77AE28170C8F0010FD67 /* Pulse */ = {
			isa = XCSwiftPackageProductDependency;
			package = 8CCE77AD28170C8F0010FD67 /* XCRemoteSwiftPackageReference "Pulse" */;
			productName = Pulse;
		};
		8CCE77B028170C8F0010FD67 /* PulseCore */ = {
			isa = XCSwiftPackageProductDependency;
			package = 8CCE77AD28170C8F0010FD67 /* XCRemoteSwiftPackageReference "Pulse" */;
			productName = PulseCore;
		};
		8CCE77B228170C8F0010FD67 /* PulseUI */ = {
			isa = XCSwiftPackageProductDependency;
			package = 8CCE77AD28170C8F0010FD67 /* XCRemoteSwiftPackageReference "Pulse" */;
			productName = PulseUI;
		};
/* End XCSwiftPackageProductDependency section */
	};
	rootObject = 8CCE778E28170C250010FD67 /* Project object */;
}
